
Microsoft Visual Studio Solution File, Format Version 12.00
# Visual Studio Version 17
VisualStudioVersion = 17.11.35312.102
MinimumVisualStudioVersion = 10.0.40219.1
Project("{9A19103F-16F7-4668-BE54-9A1E7A4F7556}") = "Eclipse.ChallengeProject.TaskOrganizer.Api", "src\Eclipse.ChallengeProject.TaskOrganizer\Eclipse.ChallengeProject.TaskOrganizer.Api.csproj", "{CB85A4AD-BDE6-4565-966E-828CBA1B72F7}"
EndProject
Project("{2150E333-8FDC-42A3-9474-1A3956D46DE8}") = "0 - Api", "0 - Api", "{6A247D85-2534-4B5D-ABDD-6CC29E052680}"
EndProject
Project("{2150E333-8FDC-42A3-9474-1A3956D46DE8}") = "1 - Domain", "1 - Domain", "{749563FE-B72A-47B6-B181-D2178AFD38C0}"
EndProject
Project("{2150E333-8FDC-42A3-9474-1A3956D46DE8}") = "3 - Infra", "3 - Infra", "{89BCF917-1F61-4D8B-85ED-1805A60693AE}"
EndProject
Project("{9A19103F-16F7-4668-BE54-9A1E7A4F7556}") = "Eclipse.ChallengeProject.TaskOrganizer.Domain", "src\Eclipse.ChallengeProject.TaskOrganizer.Application\Eclipse.ChallengeProject.TaskOrganizer.Domain.csproj", "{D45B29F4-2E9E-43FD-9CD9-52D632E7EF9D}"
EndProject
Project("{2150E333-8FDC-42A3-9474-1A3956D46DE8}") = "4 - Tests", "4 - Tests", "{8AC2441C-4E4F-47DA-B119-8429A36FDA3D}"
EndProject
Project("{9A19103F-16F7-4668-BE54-9A1E7A4F7556}") = "Eclipse.ChallengeProject.TaskOrganizer.Infra.Data", "src\Eclipse.ChallengeProject.TaskOrganizer.Infrastructure\Eclipse.ChallengeProject.TaskOrganizer.Infra.Data.csproj", "{A0EDDC25-0963-4A04-B959-8D0CF2FFF683}"
EndProject
Project("{9A19103F-16F7-4668-BE54-9A1E7A4F7556}") = "Eclipse.ChallengeProject.TaskOrganizer.Tests", "src\Eclipse.ChallengeProject.TaskOrganizer.Tests\Eclipse.ChallengeProject.TaskOrganizer.Tests.csproj", "{B989009C-06E2-49F6-9C20-0C6E6554B048}"
EndProject
Project("{2150E333-8FDC-42A3-9474-1A3956D46DE8}") = "3.1 - Data", "3.1 - Data", "{FDD2D084-FA60-4384-A058-5425660CC850}"
EndProject
Project("{2150E333-8FDC-42A3-9474-1A3956D46DE8}") = "3.2 - CrossCutting", "3.2 - CrossCutting", "{8F196DBD-31EA-4CE4-ADCD-BFA73AB84A01}"
EndProject
Project("{9A19103F-16F7-4668-BE54-9A1E7A4F7556}") = "Eclipse.ChallengeProject.TaskOrganizer.Infra.CrossCutting", "src\Eclipse.ChallengeProject.TaskOrganizer.Infrastructure.CrossCutting\Eclipse.ChallengeProject.TaskOrganizer.Infra.CrossCutting.csproj", "{BE8CD877-7CAA-40AF-A0DC-E1DA8EBEE373}"
EndProject
Global
	GlobalSection(SolutionConfigurationPlatforms) = preSolution
		Debug|Any CPU = Debug|Any CPU
		Release|Any CPU = Release|Any CPU
	EndGlobalSection
	GlobalSection(ProjectConfigurationPlatforms) = postSolution
		{CB85A4AD-BDE6-4565-966E-828CBA1B72F7}.Debug|Any CPU.ActiveCfg = Debug|Any CPU
		{CB85A4AD-BDE6-4565-966E-828CBA1B72F7}.Debug|Any CPU.Build.0 = Debug|Any CPU
		{CB85A4AD-BDE6-4565-966E-828CBA1B72F7}.Release|Any CPU.ActiveCfg = Release|Any CPU
		{CB85A4AD-BDE6-4565-966E-828CBA1B72F7}.Release|Any CPU.Build.0 = Release|Any CPU
		{D45B29F4-2E9E-43FD-9CD9-52D632E7EF9D}.Debug|Any CPU.ActiveCfg = Debug|Any CPU
		{D45B29F4-2E9E-43FD-9CD9-52D632E7EF9D}.Debug|Any CPU.Build.0 = Debug|Any CPU
		{D45B29F4-2E9E-43FD-9CD9-52D632E7EF9D}.Release|Any CPU.ActiveCfg = Release|Any CPU
		{D45B29F4-2E9E-43FD-9CD9-52D632E7EF9D}.Release|Any CPU.Build.0 = Release|Any CPU
		{A0EDDC25-0963-4A04-B959-8D0CF2FFF683}.Debug|Any CPU.ActiveCfg = Debug|Any CPU
		{A0EDDC25-0963-4A04-B959-8D0CF2FFF683}.Debug|Any CPU.Build.0 = Debug|Any CPU
		{A0EDDC25-0963-4A04-B959-8D0CF2FFF683}.Release|Any CPU.ActiveCfg = Release|Any CPU
		{A0EDDC25-0963-4A04-B959-8D0CF2FFF683}.Release|Any CPU.Build.0 = Release|Any CPU
		{B989009C-06E2-49F6-9C20-0C6E6554B048}.Debug|Any CPU.ActiveCfg = Debug|Any CPU
		{B989009C-06E2-49F6-9C20-0C6E6554B048}.Debug|Any CPU.Build.0 = Debug|Any CPU
		{B989009C-06E2-49F6-9C20-0C6E6554B048}.Release|Any CPU.ActiveCfg = Release|Any CPU
		{B989009C-06E2-49F6-9C20-0C6E6554B048}.Release|Any CPU.Build.0 = Release|Any CPU
		{BE8CD877-7CAA-40AF-A0DC-E1DA8EBEE373}.Debug|Any CPU.ActiveCfg = Debug|Any CPU
		{BE8CD877-7CAA-40AF-A0DC-E1DA8EBEE373}.Debug|Any CPU.Build.0 = Debug|Any CPU
		{BE8CD877-7CAA-40AF-A0DC-E1DA8EBEE373}.Release|Any CPU.ActiveCfg = Release|Any CPU
		{BE8CD877-7CAA-40AF-A0DC-E1DA8EBEE373}.Release|Any CPU.Build.0 = Release|Any CPU
	EndGlobalSection
	GlobalSection(SolutionProperties) = preSolution
		HideSolutionNode = FALSE
	EndGlobalSection
	GlobalSection(NestedProjects) = preSolution
		{CB85A4AD-BDE6-4565-966E-828CBA1B72F7} = {6A247D85-2534-4B5D-ABDD-6CC29E052680}
		{D45B29F4-2E9E-43FD-9CD9-52D632E7EF9D} = {749563FE-B72A-47B6-B181-D2178AFD38C0}
		{A0EDDC25-0963-4A04-B959-8D0CF2FFF683} = {FDD2D084-FA60-4384-A058-5425660CC850}
		{B989009C-06E2-49F6-9C20-0C6E6554B048} = {8AC2441C-4E4F-47DA-B119-8429A36FDA3D}
		{FDD2D084-FA60-4384-A058-5425660CC850} = {89BCF917-1F61-4D8B-85ED-1805A60693AE}
		{8F196DBD-31EA-4CE4-ADCD-BFA73AB84A01} = {89BCF917-1F61-4D8B-85ED-1805A60693AE}
		{BE8CD877-7CAA-40AF-A0DC-E1DA8EBEE373} = {8F196DBD-31EA-4CE4-ADCD-BFA73AB84A01}
	EndGlobalSection
	GlobalSection(ExtensibilityGlobals) = postSolution
		SolutionGuid = {480796AF-3342-41A7-B4A2-6AC4609C23E4}
	EndGlobalSection
EndGlobal
