
Microsoft Visual Studio Solution File, Format Version 12.00
# Visual Studio Version 17
VisualStudioVersion = 17.11.35312.102
MinimumVisualStudioVersion = 10.0.40219.1
Project("{FAE04EC0-301F-11D3-BF4B-00C04F79EFBC}") = "Eclipse.ChallengeProject.TaskOrganizer", "Eclipse.ChallengeProject.TaskOrganizer\Eclipse.ChallengeProject.TaskOrganizer.csproj", "{CB85A4AD-BDE6-4565-966E-828CBA1B72F7}"
EndProject
Global
	GlobalSection(SolutionConfigurationPlatforms) = preSolution
		Debug|Any CPU = Debug|Any CPU
		Release|Any CPU = Release|Any CPU
	EndGlobalSection
	GlobalSection(ProjectConfigurationPlatforms) = postSolution
		{CB85A4AD-BDE6-4565-966E-828CBA1B72F7}.Debug|Any CPU.ActiveCfg = Debug|Any CPU
		{CB85A4AD-BDE6-4565-966E-828CBA1B72F7}.Debug|Any CPU.Build.0 = Debug|Any CPU
		{CB85A4AD-BDE6-4565-966E-828CBA1B72F7}.Release|Any CPU.ActiveCfg = Release|Any CPU
		{CB85A4AD-BDE6-4565-966E-828CBA1B72F7}.Release|Any CPU.Build.0 = Release|Any CPU
	EndGlobalSection
	GlobalSection(SolutionProperties) = preSolution
		HideSolutionNode = FALSE
	EndGlobalSection
	GlobalSection(ExtensibilityGlobals) = postSolution
		SolutionGuid = {480796AF-3342-41A7-B4A2-6AC4609C23E4}
	EndGlobalSection
EndGlobal
